
Microsoft Visual Studio Solution File, Format Version 12.00
# Visual Studio Version 16
VisualStudioVersion = 16.0.31624.102
MinimumVisualStudioVersion = 10.0.40219.1
Project("{FAE04EC0-301F-11D3-BF4B-00C04F79EFBC}") = "FIT5032_MyViewModel", "FIT5032_MyViewModel\FIT5032_MyViewModel.csproj", "{47913DA8-D81C-41D8-B072-B9D943377390}"
EndProject
Project("{FAE04EC0-301F-11D3-BF4B-00C04F79EFBC}") = "FIT5032_MyViewModel.Tests", "FIT5032_MyViewModel.Tests\FIT5032_MyViewModel.Tests.csproj", "{058B7357-942E-4069-9057-C411E55AA24D}"
EndProject
Global
	GlobalSection(SolutionConfigurationPlatforms) = preSolution
		Debug|Any CPU = Debug|Any CPU
		Release|Any CPU = Release|Any CPU
	EndGlobalSection
	GlobalSection(ProjectConfigurationPlatforms) = postSolution
		{47913DA8-D81C-41D8-B072-B9D943377390}.Debug|Any CPU.ActiveCfg = Debug|Any CPU
		{47913DA8-D81C-41D8-B072-B9D943377390}.Debug|Any CPU.Build.0 = Debug|Any CPU
		{47913DA8-D81C-41D8-B072-B9D943377390}.Release|Any CPU.ActiveCfg = Release|Any CPU
		{47913DA8-D81C-41D8-B072-B9D943377390}.Release|Any CPU.Build.0 = Release|Any CPU
		{058B7357-942E-4069-9057-C411E55AA24D}.Debug|Any CPU.ActiveCfg = Debug|Any CPU
		{058B7357-942E-4069-9057-C411E55AA24D}.Debug|Any CPU.Build.0 = Debug|Any CPU
		{058B7357-942E-4069-9057-C411E55AA24D}.Release|Any CPU.ActiveCfg = Release|Any CPU
		{058B7357-942E-4069-9057-C411E55AA24D}.Release|Any CPU.Build.0 = Release|Any CPU
	EndGlobalSection
	GlobalSection(SolutionProperties) = preSolution
		HideSolutionNode = FALSE
	EndGlobalSection
	GlobalSection(ExtensibilityGlobals) = postSolution
		SolutionGuid = {F69DC032-B3CA-40C8-B40D-F6F230710D5F}
	EndGlobalSection
EndGlobal
